// !$*UTF8*$!
{
	archiveVersion = 1;
	classes = {
	};
	objectVersion = 46;
	objects = {

/* Begin PBXBuildFile section */
		B06DA9341BD0E255003DA4F5 /* AppDelegate.swift in Sources */ = {isa = PBXBuildFile; fileRef = B06DA9331BD0E255003DA4F5 /* AppDelegate.swift */; };
		B06DA9361BD0E255003DA4F5 /* ViewController.swift in Sources */ = {isa = PBXBuildFile; fileRef = B06DA9351BD0E255003DA4F5 /* ViewController.swift */; };
		B06DA9391BD0E255003DA4F5 /* Main.storyboard in Resources */ = {isa = PBXBuildFile; fileRef = B06DA9371BD0E255003DA4F5 /* Main.storyboard */; };
		B06DA93C1BD0E255003DA4F5 /* SwiftDemo.xcdatamodeld in Sources */ = {isa = PBXBuildFile; fileRef = B06DA93A1BD0E255003DA4F5 /* SwiftDemo.xcdatamodeld */; };
		B06DA93E1BD0E255003DA4F5 /* Assets.xcassets in Resources */ = {isa = PBXBuildFile; fileRef = B06DA93D1BD0E255003DA4F5 /* Assets.xcassets */; };
		B06DA9411BD0E255003DA4F5 /* LaunchScreen.storyboard in Resources */ = {isa = PBXBuildFile; fileRef = B06DA93F1BD0E255003DA4F5 /* LaunchScreen.storyboard */; };
		B06DA94C1BD0E256003DA4F5 /* SwiftDemoTests.swift in Sources */ = {isa = PBXBuildFile; fileRef = B06DA94B1BD0E256003DA4F5 /* SwiftDemoTests.swift */; };
		B06DA9571BD0E256003DA4F5 /* SwiftDemoUITests.swift in Sources */ = {isa = PBXBuildFile; fileRef = B06DA9561BD0E256003DA4F5 /* SwiftDemoUITests.swift */; };
/* End PBXBuildFile section */

/* Begin PBXContainerItemProxy section */
		B06DA9481BD0E256003DA4F5 /* PBXContainerItemProxy */ = {
			isa = PBXContainerItemProxy;
			containerPortal = B06DA9281BD0E255003DA4F5 /* Project object */;
			proxyType = 1;
			remoteGlobalIDString = B06DA92F1BD0E255003DA4F5;
			remoteInfo = SwiftDemo;
		};
		B06DA9531BD0E256003DA4F5 /* PBXContainerItemProxy */ = {
			isa = PBXContainerItemProxy;
			containerPortal = B06DA9281BD0E255003DA4F5 /* Project object */;
			proxyType = 1;
			remoteGlobalIDString = B06DA92F1BD0E255003DA4F5;
			remoteInfo = SwiftDemo;
		};
/* End PBXContainerItemProxy section */

/* Begin PBXFileReference section */
		B06DA9301BD0E255003DA4F5 /* SwiftDemo.app */ = {isa = PBXFileReference; explicitFileType = wrapper.application; includeInIndex = 0; path = SwiftDemo.app; sourceTree = BUILT_PRODUCTS_DIR; };
		B06DA9331BD0E255003DA4F5 /* AppDelegate.swift */ = {isa = PBXFileReference; lastKnownFileType = sourcecode.swift; path = AppDelegate.swift; sourceTree = "<group>"; };
		B06DA9351BD0E255003DA4F5 /* ViewController.swift */ = {isa = PBXFileReference; lastKnownFileType = sourcecode.swift; path = ViewController.swift; sourceTree = "<group>"; };
		B06DA9381BD0E255003DA4F5 /* Base */ = {isa = PBXFileReference; lastKnownFileType = file.storyboard; name = Base; path = Base.lproj/Main.storyboard; sourceTree = "<group>"; };
		B06DA93B1BD0E255003DA4F5 /* SwiftDemo.xcdatamodel */ = {isa = PBXFileReference; lastKnownFileType = wrapper.xcdatamodel; path = SwiftDemo.xcdatamodel; sourceTree = "<group>"; };
		B06DA93D1BD0E255003DA4F5 /* Assets.xcassets */ = {isa = PBXFileReference; lastKnownFileType = folder.assetcatalog; path = Assets.xcassets; sourceTree = "<group>"; };
		B06DA9401BD0E255003DA4F5 /* Base */ = {isa = PBXFileReference; lastKnownFileType = file.storyboard; name = Base; path = Base.lproj/LaunchScreen.storyboard; sourceTree = "<group>"; };
		B06DA9421BD0E255003DA4F5 /* Info.plist */ = {isa = PBXFileReference; lastKnownFileType = text.plist.xml; path = Info.plist; sourceTree = "<group>"; };
		B06DA9471BD0E256003DA4F5 /* SwiftDemoTests.xctest */ = {isa = PBXFileReference; explicitFileType = wrapper.cfbundle; includeInIndex = 0; path = SwiftDemoTests.xctest; sourceTree = BUILT_PRODUCTS_DIR; };
		B06DA94B1BD0E256003DA4F5 /* SwiftDemoTests.swift */ = {isa = PBXFileReference; lastKnownFileType = sourcecode.swift; path = SwiftDemoTests.swift; sourceTree = "<group>"; };
		B06DA94D1BD0E256003DA4F5 /* Info.plist */ = {isa = PBXFileReference; lastKnownFileType = text.plist.xml; path = Info.plist; sourceTree = "<group>"; };
		B06DA9521BD0E256003DA4F5 /* SwiftDemoUITests.xctest */ = {isa = PBXFileReference; explicitFileType = wrapper.cfbundle; includeInIndex = 0; path = SwiftDemoUITests.xctest; sourceTree = BUILT_PRODUCTS_DIR; };
		B06DA9561BD0E256003DA4F5 /* SwiftDemoUITests.swift */ = {isa = PBXFileReference; lastKnownFileType = sourcecode.swift; path = SwiftDemoUITests.swift; sourceTree = "<group>"; };
		B06DA9581BD0E256003DA4F5 /* Info.plist */ = {isa = PBXFileReference; lastKnownFileType = text.plist.xml; path = Info.plist; sourceTree = "<group>"; };
/* End PBXFileReference section */

/* Begin PBXFrameworksBuildPhase section */
		B06DA92D1BD0E255003DA4F5 /* Frameworks */ = {
			isa = PBXFrameworksBuildPhase;
			buildActionMask = 2147483647;
			files = (
			);
			runOnlyForDeploymentPostprocessing = 0;
		};
		B06DA9441BD0E256003DA4F5 /* Frameworks */ = {
			isa = PBXFrameworksBuildPhase;
			buildActionMask = 2147483647;
			files = (
			);
			runOnlyForDeploymentPostprocessing = 0;
		};
		B06DA94F1BD0E256003DA4F5 /* Frameworks */ = {
			isa = PBXFrameworksBuildPhase;
			buildActionMask = 2147483647;
			files = (
			);
			runOnlyForDeploymentPostprocessing = 0;
		};
/* End PBXFrameworksBuildPhase section */

/* Begin PBXGroup section */
		B06DA9271BD0E255003DA4F5 = {
			isa = PBXGroup;
			children = (
				B06DA9321BD0E255003DA4F5 /* SwiftDemo */,
				B06DA94A1BD0E256003DA4F5 /* SwiftDemoTests */,
				B06DA9551BD0E256003DA4F5 /* SwiftDemoUITests */,
				B06DA9311BD0E255003DA4F5 /* Products */,
			);
			sourceTree = "<group>";
		};
		B06DA9311BD0E255003DA4F5 /* Products */ = {
			isa = PBXGroup;
			children = (
				B06DA9301BD0E255003DA4F5 /* SwiftDemo.app */,
				B06DA9471BD0E256003DA4F5 /* SwiftDemoTests.xctest */,
				B06DA9521BD0E256003DA4F5 /* SwiftDemoUITests.xctest */,
			);
			name = Products;
			sourceTree = "<group>";
		};
		B06DA9321BD0E255003DA4F5 /* SwiftDemo */ = {
			isa = PBXGroup;
			children = (
				B06DA9331BD0E255003DA4F5 /* AppDelegate.swift */,
				B06DA9351BD0E255003DA4F5 /* ViewController.swift */,
				B06DA9371BD0E255003DA4F5 /* Main.storyboard */,
				B06DA93D1BD0E255003DA4F5 /* Assets.xcassets */,
				B06DA93F1BD0E255003DA4F5 /* LaunchScreen.storyboard */,
				B06DA9421BD0E255003DA4F5 /* Info.plist */,
				B06DA93A1BD0E255003DA4F5 /* SwiftDemo.xcdatamodeld */,
			);
			path = SwiftDemo;
			sourceTree = "<group>";
		};
		B06DA94A1BD0E256003DA4F5 /* SwiftDemoTests */ = {
			isa = PBXGroup;
			children = (
				B06DA94B1BD0E256003DA4F5 /* SwiftDemoTests.swift */,
				B06DA94D1BD0E256003DA4F5 /* Info.plist */,
			);
			path = SwiftDemoTests;
			sourceTree = "<group>";
		};
		B06DA9551BD0E256003DA4F5 /* SwiftDemoUITests */ = {
			isa = PBXGroup;
			children = (
				B06DA9561BD0E256003DA4F5 /* SwiftDemoUITests.swift */,
				B06DA9581BD0E256003DA4F5 /* Info.plist */,
			);
			path = SwiftDemoUITests;
			sourceTree = "<group>";
		};
/* End PBXGroup section */

/* Begin PBXNativeTarget section */
		B06DA92F1BD0E255003DA4F5 /* SwiftDemo */ = {
			isa = PBXNativeTarget;
			buildConfigurationList = B06DA95B1BD0E256003DA4F5 /* Build configuration list for PBXNativeTarget "SwiftDemo" */;
			buildPhases = (
				B06DA92C1BD0E255003DA4F5 /* Sources */,
				B06DA92D1BD0E255003DA4F5 /* Frameworks */,
				B06DA92E1BD0E255003DA4F5 /* Resources */,
			);
			buildRules = (
			);
			dependencies = (
			);
			name = SwiftDemo;
			productName = SwiftDemo;
			productReference = B06DA9301BD0E255003DA4F5 /* SwiftDemo.app */;
			productType = "com.apple.product-type.application";
		};
		B06DA9461BD0E256003DA4F5 /* SwiftDemoTests */ = {
			isa = PBXNativeTarget;
			buildConfigurationList = B06DA95E1BD0E256003DA4F5 /* Build configuration list for PBXNativeTarget "SwiftDemoTests" */;
			buildPhases = (
				B06DA9431BD0E256003DA4F5 /* Sources */,
				B06DA9441BD0E256003DA4F5 /* Frameworks */,
				B06DA9451BD0E256003DA4F5 /* Resources */,
			);
			buildRules = (
			);
			dependencies = (
				B06DA9491BD0E256003DA4F5 /* PBXTargetDependency */,
			);
			name = SwiftDemoTests;
			productName = SwiftDemoTests;
			productReference = B06DA9471BD0E256003DA4F5 /* SwiftDemoTests.xctest */;
			productType = "com.apple.product-type.bundle.unit-test";
		};
		B06DA9511BD0E256003DA4F5 /* SwiftDemoUITests */ = {
			isa = PBXNativeTarget;
			buildConfigurationList = B06DA9611BD0E256003DA4F5 /* Build configuration list for PBXNativeTarget "SwiftDemoUITests" */;
			buildPhases = (
				B06DA94E1BD0E256003DA4F5 /* Sources */,
				B06DA94F1BD0E256003DA4F5 /* Frameworks */,
				B06DA9501BD0E256003DA4F5 /* Resources */,
			);
			buildRules = (
			);
			dependencies = (
				B06DA9541BD0E256003DA4F5 /* PBXTargetDependency */,
			);
			name = SwiftDemoUITests;
			productName = SwiftDemoUITests;
			productReference = B06DA9521BD0E256003DA4F5 /* SwiftDemoUITests.xctest */;
			productType = "com.apple.product-type.bundle.ui-testing";
		};
/* End PBXNativeTarget section */

/* Begin PBXProject section */
		B06DA9281BD0E255003DA4F5 /* Project object */ = {
			isa = PBXProject;
			attributes = {
				LastUpgradeCheck = 0700;
				ORGANIZATIONNAME = Jenny;
				TargetAttributes = {
					B06DA92F1BD0E255003DA4F5 = {
						CreatedOnToolsVersion = 7.0.1;
						DevelopmentTeam = 9VQSRYUH88;
						LastSwiftMigration = 0810;
					};
					B06DA9461BD0E256003DA4F5 = {
						CreatedOnToolsVersion = 7.0.1;
						LastSwiftMigration = 0810;
						TestTargetID = B06DA92F1BD0E255003DA4F5;
					};
					B06DA9511BD0E256003DA4F5 = {
						CreatedOnToolsVersion = 7.0.1;
						LastSwiftMigration = 0810;
						TestTargetID = B06DA92F1BD0E255003DA4F5;
					};
				};
			};
			buildConfigurationList = B06DA92B1BD0E255003DA4F5 /* Build configuration list for PBXProject "SwiftDemo" */;
			compatibilityVersion = "Xcode 3.2";
			developmentRegion = English;
			hasScannedForEncodings = 0;
			knownRegions = (
				en,
				Base,
			);
			mainGroup = B06DA9271BD0E255003DA4F5;
			productRefGroup = B06DA9311BD0E255003DA4F5 /* Products */;
			projectDirPath = "";
			projectRoot = "";
			targets = (
				B06DA92F1BD0E255003DA4F5 /* SwiftDemo */,
				B06DA9461BD0E256003DA4F5 /* SwiftDemoTests */,
				B06DA9511BD0E256003DA4F5 /* SwiftDemoUITests */,
			);
		};
/* End PBXProject section */

/* Begin PBXResourcesBuildPhase section */
		B06DA92E1BD0E255003DA4F5 /* Resources */ = {
			isa = PBXResourcesBuildPhase;
			buildActionMask = 2147483647;
			files = (
				B06DA9411BD0E255003DA4F5 /* LaunchScreen.storyboard in Resources */,
				B06DA93E1BD0E255003DA4F5 /* Assets.xcassets in Resources */,
				B06DA9391BD0E255003DA4F5 /* Main.storyboard in Resources */,
			);
			runOnlyForDeploymentPostprocessing = 0;
		};
		B06DA9451BD0E256003DA4F5 /* Resources */ = {
			isa = PBXResourcesBuildPhase;
			buildActionMask = 2147483647;
			files = (
			);
			runOnlyForDeploymentPostprocessing = 0;
		};
		B06DA9501BD0E256003DA4F5 /* Resources */ = {
			isa = PBXResourcesBuildPhase;
			buildActionMask = 2147483647;
			files = (
			);
			runOnlyForDeploymentPostprocessing = 0;
		};
/* End PBXResourcesBuildPhase section */

/* Begin PBXSourcesBuildPhase section */
		B06DA92C1BD0E255003DA4F5 /* Sources */ = {
			isa = PBXSourcesBuildPhase;
			buildActionMask = 2147483647;
			files = (
				B06DA9361BD0E255003DA4F5 /* ViewController.swift in Sources */,
				B06DA93C1BD0E255003DA4F5 /* SwiftDemo.xcdatamodeld in Sources */,
				B06DA9341BD0E255003DA4F5 /* AppDelegate.swift in Sources */,
			);
			runOnlyForDeploymentPostprocessing = 0;
		};
		B06DA9431BD0E256003DA4F5 /* Sources */ = {
			isa = PBXSourcesBuildPhase;
			buildActionMask = 2147483647;
			files = (
				B06DA94C1BD0E256003DA4F5 /* SwiftDemoTests.swift in Sources */,
			);
			runOnlyForDeploymentPostprocessing = 0;
		};
		B06DA94E1BD0E256003DA4F5 /* Sources */ = {
			isa = PBXSourcesBuildPhase;
			buildActionMask = 2147483647;
			files = (
				B06DA9571BD0E256003DA4F5 /* SwiftDemoUITests.swift in Sources */,
			);
			runOnlyForDeploymentPostprocessing = 0;
		};
/* End PBXSourcesBuildPhase section */

/* Begin PBXTargetDependency section */
		B06DA9491BD0E256003DA4F5 /* PBXTargetDependency */ = {
			isa = PBXTargetDependency;
			target = B06DA92F1BD0E255003DA4F5 /* SwiftDemo */;
			targetProxy = B06DA9481BD0E256003DA4F5 /* PBXContainerItemProxy */;
		};
		B06DA9541BD0E256003DA4F5 /* PBXTargetDependency */ = {
			isa = PBXTargetDependency;
			target = B06DA92F1BD0E255003DA4F5 /* SwiftDemo */;
			targetProxy = B06DA9531BD0E256003DA4F5 /* PBXContainerItemProxy */;
		};
/* End PBXTargetDependency section */

/* Begin PBXVariantGroup section */
		B06DA9371BD0E255003DA4F5 /* Main.storyboard */ = {
			isa = PBXVariantGroup;
			children = (
				B06DA9381BD0E255003DA4F5 /* Base */,
			);
			name = Main.storyboard;
			sourceTree = "<group>";
		};
		B06DA93F1BD0E255003DA4F5 /* LaunchScreen.storyboard */ = {
			isa = PBXVariantGroup;
			children = (
				B06DA9401BD0E255003DA4F5 /* Base */,
			);
			name = LaunchScreen.storyboard;
			sourceTree = "<group>";
		};
/* End PBXVariantGroup section */

/* Begin XCBuildConfiguration section */
		B06DA9591BD0E256003DA4F5 /* Debug */ = {
			isa = XCBuildConfiguration;
			buildSettings = {
				ALWAYS_SEARCH_USER_PATHS = NO;
				CLANG_CXX_LANGUAGE_STANDARD = "gnu++0x";
				CLANG_CXX_LIBRARY = "libc++";
				CLANG_ENABLE_MODULES = YES;
				CLANG_ENABLE_OBJC_ARC = YES;
				CLANG_WARN_BOOL_CONVERSION = YES;
				CLANG_WARN_CONSTANT_CONVERSION = YES;
				CLANG_WARN_DIRECT_OBJC_ISA_USAGE = YES_ERROR;
				CLANG_WARN_EMPTY_BODY = YES;
				CLANG_WARN_ENUM_CONVERSION = YES;
				CLANG_WARN_INT_CONVERSION = YES;
				CLANG_WARN_OBJC_ROOT_CLASS = YES_ERROR;
				CLANG_WARN_UNREACHABLE_CODE = YES;
				CLANG_WARN__DUPLICATE_METHOD_MATCH = YES;
				"CODE_SIGN_IDENTITY[sdk=iphoneos*]" = "iPhone Developer";
				COPY_PHASE_STRIP = NO;
				DEBUG_INFORMATION_FORMAT = dwarf;
				ENABLE_STRICT_OBJC_MSGSEND = YES;
				ENABLE_TESTABILITY = YES;
				GCC_C_LANGUAGE_STANDARD = gnu99;
				GCC_DYNAMIC_NO_PIC = NO;
				GCC_NO_COMMON_BLOCKS = YES;
				GCC_OPTIMIZATION_LEVEL = 0;
				GCC_PREPROCESSOR_DEFINITIONS = (
					"DEBUG=1",
					"$(inherited)",
				);
				GCC_WARN_64_TO_32_BIT_CONVERSION = YES;
				GCC_WARN_ABOUT_RETURN_TYPE = YES_ERROR;
				GCC_WARN_UNDECLARED_SELECTOR = YES;
				GCC_WARN_UNINITIALIZED_AUTOS = YES_AGGRESSIVE;
				GCC_WARN_UNUSED_FUNCTION = YES;
				GCC_WARN_UNUSED_VARIABLE = YES;
				IPHONEOS_DEPLOYMENT_TARGET = 9.0;
				MTL_ENABLE_DEBUG_INFO = YES;
				ONLY_ACTIVE_ARCH = YES;
				SDKROOT = iphoneos;
				SWIFT_OPTIMIZATION_LEVEL = "-Onone";
			};
			name = Debug;
		};
		B06DA95A1BD0E256003DA4F5 /* Release */ = {
			isa = XCBuildConfiguration;
			buildSettings = {
				ALWAYS_SEARCH_USER_PATHS = NO;
				CLANG_CXX_LANGUAGE_STANDARD = "gnu++0x";
				CLANG_CXX_LIBRARY = "libc++";
				CLANG_ENABLE_MODULES = YES;
				CLANG_ENABLE_OBJC_ARC = YES;
				CLANG_WARN_BOOL_CONVERSION = YES;
				CLANG_WARN_CONSTANT_CONVERSION = YES;
				CLANG_WARN_DIRECT_OBJC_ISA_USAGE = YES_ERROR;
				CLANG_WARN_EMPTY_BODY = YES;
				CLANG_WARN_ENUM_CONVERSION = YES;
				CLANG_WARN_INT_CONVERSION = YES;
				CLANG_WARN_OBJC_ROOT_CLASS = YES_ERROR;
				CLANG_WARN_UNREACHABLE_CODE = YES;
				CLANG_WARN__DUPLICATE_METHOD_MATCH = YES;
				"CODE_SIGN_IDENTITY[sdk=iphoneos*]" = "iPhone Developer";
				COPY_PHASE_STRIP = NO;
				DEBUG_INFORMATION_FORMAT = "dwarf-with-dsym";
				ENABLE_NS_ASSERTIONS = NO;
				ENABLE_STRICT_OBJC_MSGSEND = YES;
				GCC_C_LANGUAGE_STANDARD = gnu99;
				GCC_NO_COMMON_BLOCKS = YES;
				GCC_WARN_64_TO_32_BIT_CONVERSION = YES;
				GCC_WARN_ABOUT_RETURN_TYPE = YES_ERROR;
				GCC_WARN_UNDECLARED_SELECTOR = YES;
				GCC_WARN_UNINITIALIZED_AUTOS = YES_AGGRESSIVE;
				GCC_WARN_UNUSED_FUNCTION = YES;
				GCC_WARN_UNUSED_VARIABLE = YES;
				IPHONEOS_DEPLOYMENT_TARGET = 9.0;
				MTL_ENABLE_DEBUG_INFO = NO;
				SDKROOT = iphoneos;
				VALIDATE_PRODUCT = YES;
			};
			name = Release;
		};
		B06DA95C1BD0E256003DA4F5 /* Debug */ = {
			isa = XCBuildConfiguration;
			buildSettings = {
				ASSETCATALOG_COMPILER_APPICON_NAME = AppIcon;
				DEVELOPMENT_TEAM = 9VQSRYUH88;
				INFOPLIST_FILE = SwiftDemo/Info.plist;
				LD_RUNPATH_SEARCH_PATHS = "$(inherited) @executable_path/Frameworks";
				PRODUCT_BUNDLE_IDENTIFIER = com.xiaoma.SwiftDemo;
				PRODUCT_NAME = "$(TARGET_NAME)";
				SWIFT_VERSION = 3.0;
			};
			name = Debug;
		};
		B06DA95D1BD0E256003DA4F5 /* Release */ = {
			isa = XCBuildConfiguration;
			buildSettings = {
				ASSETCATALOG_COMPILER_APPICON_NAME = AppIcon;
				DEVELOPMENT_TEAM = 9VQSRYUH88;
				INFOPLIST_FILE = SwiftDemo/Info.plist;
				LD_RUNPATH_SEARCH_PATHS = "$(inherited) @executable_path/Frameworks";
				PRODUCT_BUNDLE_IDENTIFIER = com.xiaoma.SwiftDemo;
				PRODUCT_NAME = "$(TARGET_NAME)";
				SWIFT_VERSION = 3.0;
			};
			name = Release;
		};
		B06DA95F1BD0E256003DA4F5 /* Debug */ = {
			isa = XCBuildConfiguration;
			buildSettings = {
				BUNDLE_LOADER = "$(TEST_HOST)";
				INFOPLIST_FILE = SwiftDemoTests/Info.plist;
				LD_RUNPATH_SEARCH_PATHS = "$(inherited) @executable_path/Frameworks @loader_path/Frameworks";
				PRODUCT_BUNDLE_IDENTIFIER = com.xiaoma.SwiftDemoTests;
				PRODUCT_NAME = "$(TARGET_NAME)";
				SWIFT_VERSION = 3.0;
				TEST_HOST = "$(BUILT_PRODUCTS_DIR)/SwiftDemo.app/SwiftDemo";
			};
			name = Debug;
		};
		B06DA9601BD0E256003DA4F5 /* Release */ = {
			isa = XCBuildConfiguration;
			buildSettings = {
				BUNDLE_LOADER = "$(TEST_HOST)";
				INFOPLIST_FILE = SwiftDemoTests/Info.plist;
				LD_RUNPATH_SEARCH_PATHS = "$(inherited) @executable_path/Frameworks @loader_path/Frameworks";
				PRODUCT_BUNDLE_IDENTIFIER = com.xiaoma.SwiftDemoTests;
				PRODUCT_NAME = "$(TARGET_NAME)";
				SWIFT_VERSION = 3.0;
				TEST_HOST = "$(BUILT_PRODUCTS_DIR)/SwiftDemo.app/SwiftDemo";
			};
			name = Release;
		};
		B06DA9621BD0E256003DA4F5 /* Debug */ = {
			isa = XCBuildConfiguration;
			buildSettings = {
				INFOPLIST_FILE = SwiftDemoUITests/Info.plist;
				LD_RUNPATH_SEARCH_PATHS = "$(inherited) @executable_path/Frameworks @loader_path/Frameworks";
				PRODUCT_BUNDLE_IDENTIFIER = com.xiaoma.SwiftDemoUITests;
				PRODUCT_NAME = "$(TARGET_NAME)";
				SWIFT_VERSION = 3.0;
				TEST_TARGET_NAME = SwiftDemo;
				USES_XCTRUNNER = YES;
			};
			name = Debug;
		};
		B06DA9631BD0E256003DA4F5 /* Release */ = {
			isa = XCBuildConfiguration;
			buildSettings = {
				INFOPLIST_FILE = SwiftDemoUITests/Info.plist;
				LD_RUNPATH_SEARCH_PATHS = "$(inherited) @executable_path/Frameworks @loader_path/Frameworks";
				PRODUCT_BUNDLE_IDENTIFIER = com.xiaoma.SwiftDemoUITests;
				PRODUCT_NAME = "$(TARGET_NAME)";
				SWIFT_VERSION = 3.0;
				TEST_TARGET_NAME = SwiftDemo;
				USES_XCTRUNNER = YES;
			};
			name = Release;
		};
/* End XCBuildConfiguration section */

/* Begin XCConfigurationList section */
		B06DA92B1BD0E255003DA4F5 /* Build configuration list for PBXProject "SwiftDemo" */ = {
			isa = XCConfigurationList;
			buildConfigurations = (
				B06DA9591BD0E256003DA4F5 /* Debug */,
				B06DA95A1BD0E256003DA4F5 /* Release */,
			);
			defaultConfigurationIsVisible = 0;
			defaultConfigurationName = Release;
		};
		B06DA95B1BD0E256003DA4F5 /* Build configuration list for PBXNativeTarget "SwiftDemo" */ = {
			isa = XCConfigurationList;
			buildConfigurations = (
				B06DA95C1BD0E256003DA4F5 /* Debug */,
				B06DA95D1BD0E256003DA4F5 /* Release */,
			);
			defaultConfigurationIsVisible = 0;
			defaultConfigurationName = Release;
		};
		B06DA95E1BD0E256003DA4F5 /* Build configuration list for PBXNativeTarget "SwiftDemoTests" */ = {
			isa = XCConfigurationList;
			buildConfigurations = (
				B06DA95F1BD0E256003DA4F5 /* Debug */,
				B06DA9601BD0E256003DA4F5 /* Release */,
			);
			defaultConfigurationIsVisible = 0;
			defaultConfigurationName = Release;
		};
		B06DA9611BD0E256003DA4F5 /* Build configuration list for PBXNativeTarget "SwiftDemoUITests" */ = {
			isa = XCConfigurationList;
			buildConfigurations = (
				B06DA9621BD0E256003DA4F5 /* Debug */,
				B06DA9631BD0E256003DA4F5 /* Release */,
			);
			defaultConfigurationIsVisible = 0;
			defaultConfigurationName = Release;
		};
/* End XCConfigurationList section */

/* Begin XCVersionGroup section */
		B06DA93A1BD0E255003DA4F5 /* SwiftDemo.xcdatamodeld */ = {
			isa = XCVersionGroup;
			children = (
				B06DA93B1BD0E255003DA4F5 /* SwiftDemo.xcdatamodel */,
			);
			currentVersion = B06DA93B1BD0E255003DA4F5 /* SwiftDemo.xcdatamodel */;
			path = SwiftDemo.xcdatamodeld;
			sourceTree = "<group>";
			versionGroupType = wrapper.xcdatamodel;
		};
/* End XCVersionGroup section */
	};
	rootObject = B06DA9281BD0E255003DA4F5 /* Project object */;
}
